
Microsoft Visual Studio Solution File, Format Version 12.00
# Visual Studio Version 17
VisualStudioVersion = 17.5.33516.290
MinimumVisualStudioVersion = 10.0.40219.1
Project("{FAE04EC0-301F-11D3-BF4B-00C04F79EFBC}") = "ShoppingCartCaseStudy", "ShoppingCartCaseStudy\ShoppingCartCaseStudy.csproj", "{3E698004-6E13-4165-87D6-64890720A171}"
EndProject
Project("{9A19103F-16F7-4668-BE54-9A1E7A4F7556}") = "ShoppingCartCaseStudy.UnitTest", "ShoppingCartCaseStudy.UnitTest\ShoppingCartCaseStudy.UnitTest.csproj", "{83D17B4E-E3A8-45E5-B1B9-5CFDB9D14083}"
EndProject
Global
	GlobalSection(SolutionConfigurationPlatforms) = preSolution
		Debug|Any CPU = Debug|Any CPU
		Release|Any CPU = Release|Any CPU
	EndGlobalSection
	GlobalSection(ProjectConfigurationPlatforms) = postSolution
		{3E698004-6E13-4165-87D6-64890720A171}.Debug|Any CPU.ActiveCfg = Debug|Any CPU
		{3E698004-6E13-4165-87D6-64890720A171}.Debug|Any CPU.Build.0 = Debug|Any CPU
		{3E698004-6E13-4165-87D6-64890720A171}.Release|Any CPU.ActiveCfg = Release|Any CPU
		{3E698004-6E13-4165-87D6-64890720A171}.Release|Any CPU.Build.0 = Release|Any CPU
		{83D17B4E-E3A8-45E5-B1B9-5CFDB9D14083}.Debug|Any CPU.ActiveCfg = Debug|Any CPU
		{83D17B4E-E3A8-45E5-B1B9-5CFDB9D14083}.Debug|Any CPU.Build.0 = Debug|Any CPU
		{83D17B4E-E3A8-45E5-B1B9-5CFDB9D14083}.Release|Any CPU.ActiveCfg = Release|Any CPU
		{83D17B4E-E3A8-45E5-B1B9-5CFDB9D14083}.Release|Any CPU.Build.0 = Release|Any CPU
	EndGlobalSection
	GlobalSection(SolutionProperties) = preSolution
		HideSolutionNode = FALSE
	EndGlobalSection
	GlobalSection(ExtensibilityGlobals) = postSolution
		SolutionGuid = {D5142682-9101-4800-8B6D-096F46DE774D}
	EndGlobalSection
EndGlobal
